
Microsoft Visual Studio Solution File, Format Version 12.00
# Visual Studio 2012
Project("{FAE04EC0-301F-11D3-BF4B-00C04F79EFBC}") = "MiniProject", "MiniProject\MiniProject.csproj", "{8E263652-B62D-4E61-9B0C-72C206FE0BFC}"
EndProject
Global
	GlobalSection(SolutionConfigurationPlatforms) = preSolution
		Debug|Any CPU = Debug|Any CPU
		Release|Any CPU = Release|Any CPU
	EndGlobalSection
	GlobalSection(ProjectConfigurationPlatforms) = postSolution
		{8E263652-B62D-4E61-9B0C-72C206FE0BFC}.Debug|Any CPU.ActiveCfg = Debug|Any CPU
		{8E263652-B62D-4E61-9B0C-72C206FE0BFC}.Debug|Any CPU.Build.0 = Debug|Any CPU
		{8E263652-B62D-4E61-9B0C-72C206FE0BFC}.Release|Any CPU.ActiveCfg = Release|Any CPU
		{8E263652-B62D-4E61-9B0C-72C206FE0BFC}.Release|Any CPU.Build.0 = Release|Any CPU
	EndGlobalSection
	GlobalSection(SolutionProperties) = preSolution
		HideSolutionNode = FALSE
	EndGlobalSection
EndGlobal
